<?xml version="1.0" encoding="utf-8"?>
<Project ToolsVersion="4.0" xmlns="http://schemas.microsoft.com/developer/msbuild/2003">
  <ItemGroup>
    <Filter Include="Source Files">
      <UniqueIdentifier>{4FC737F1-C7A5-4376-A066-2A32D752A2FF}</UniqueIdentifier>
      <Extensions>cpp;c;cc;cxx;c++;cppm;ixx;def;odl;idl;hpj;bat;asm;asmx</Extensions>
    </Filter>
    <Filter Include="Header Files">
      <UniqueIdentifier>{93995380-89BD-4b04-88EB-625FBE52EBFB}</UniqueIdentifier>
      <Extensions>h;hh;hpp;hxx;h++;hm;inl;inc;ipp;xsd</Extensions>
    </Filter>
    <Filter Include="Resource Files">
      <UniqueIdentifier>{67DA6AB6-F800-4c08-8B7A-83BB121AAD01}</UniqueIdentifier>
      <Extensions>rc;ico;cur;bmp;dlg;rc2;rct;bin;rgs;gif;jpg;jpeg;jpe;resx;tiff;tif;png;wav;mfcribbon-ms</Extensions>
    </Filter>
    <Filter Include="snmalloc files">
      <UniqueIdentifier>{3af33211-5efd-439f-a5a4-ad99ae951320}</UniqueIdentifier>
    </Filter>
  </ItemGroup>
  <ItemGroup>
    <ClCompile Include="CppTestSandbox.cpp">
      <Filter>Source Files</Filter>
    </ClCompile>
    <ClCompile Include="SnmallocWrapper.cpp">
      <Filter>Source Files</Filter>
    </ClCompile>
    <ClCompile Include="snmalloc\src\override\malloc-extensions.cc">
      <Filter>snmalloc files</Filter>
    </ClCompile>
  </ItemGroup>
  <ItemGroup>
    <ClInclude Include="snmalloc\src\aal\aal.h">
      <Filter>snmalloc files</Filter>
    </ClInclude>
    <ClInclude Include="snmalloc\src\aal\aal_arm.h">
      <Filter>snmalloc files</Filter>
    </ClInclude>
    <ClInclude Include="snmalloc\src\aal\aal_concept.h">
      <Filter>snmalloc files</Filter>
    </ClInclude>
    <ClInclude Include="snmalloc\src\aal\aal_consts.h">
      <Filter>snmalloc files</Filter>
    </ClInclude>
    <ClInclude Include="snmalloc\src\aal\aal_powerpc.h">
      <Filter>snmalloc files</Filter>
    </ClInclude>
    <ClInclude Include="snmalloc\src\aal\aal_sparc.h">
      <Filter>snmalloc files</Filter>
    </ClInclude>
    <ClInclude Include="snmalloc\src\aal\aal_x86.h">
      <Filter>snmalloc files</Filter>
    </ClInclude>
    <ClInclude Include="snmalloc\src\aal\aal_x86_sgx.h">
      <Filter>snmalloc files</Filter>
    </ClInclude>
    <ClInclude Include="snmalloc\src\ds\aba.h">
      <Filter>snmalloc files</Filter>
    </ClInclude>
    <ClInclude Include="snmalloc\src\ds\address.h">
      <Filter>snmalloc files</Filter>
    </ClInclude>
    <ClInclude Include="snmalloc\src\ds\bits.h">
      <Filter>snmalloc files</Filter>
    </ClInclude>
    <ClInclude Include="snmalloc\src\ds\cdllist.h">
      <Filter>snmalloc files</Filter>
    </ClInclude>
    <ClInclude Include="snmalloc\src\ds\concept.h">
      <Filter>snmalloc files</Filter>
    </ClInclude>
    <ClInclude Include="snmalloc\src\ds\csv.h">
      <Filter>snmalloc files</Filter>
    </ClInclude>
    <ClInclude Include="snmalloc\src\ds\defines.h">
      <Filter>snmalloc files</Filter>
    </ClInclude>
    <ClInclude Include="snmalloc\src\ds\dllist.h">
      <Filter>snmalloc files</Filter>
    </ClInclude>
    <ClInclude Include="snmalloc\src\ds\flaglock.h">
      <Filter>snmalloc files</Filter>
    </ClInclude>
    <ClInclude Include="snmalloc\src\ds\helpers.h">
      <Filter>snmalloc files</Filter>
    </ClInclude>
    <ClInclude Include="snmalloc\src\ds\invalidptr.h">
      <Filter>snmalloc files</Filter>
    </ClInclude>
    <ClInclude Include="snmalloc\src\ds\mpmcstack.h">
      <Filter>snmalloc files</Filter>
    </ClInclude>
    <ClInclude Include="snmalloc\src\ds\mpscq.h">
      <Filter>snmalloc files</Filter>
    </ClInclude>
    <ClInclude Include="snmalloc\src\ds\ptrwrap.h">
      <Filter>snmalloc files</Filter>
    </ClInclude>
    <ClInclude Include="snmalloc\src\mem\address_space.h">
      <Filter>snmalloc files</Filter>
    </ClInclude>
    <ClInclude Include="snmalloc\src\mem\alloc.h">
      <Filter>snmalloc files</Filter>
    </ClInclude>
    <ClInclude Include="snmalloc\src\mem\allocconfig.h">
      <Filter>snmalloc files</Filter>
    </ClInclude>
    <ClInclude Include="snmalloc\src\mem\allocslab.h">
      <Filter>snmalloc files</Filter>
    </ClInclude>
    <ClInclude Include="snmalloc\src\mem\allocstats.h">
      <Filter>snmalloc files</Filter>
    </ClInclude>
    <ClInclude Include="snmalloc\src\mem\arenamap.h">
      <Filter>snmalloc files</Filter>
    </ClInclude>
    <ClInclude Include="snmalloc\src\mem\baseslab.h">
      <Filter>snmalloc files</Filter>
    </ClInclude>
    <ClInclude Include="snmalloc\src\mem\chunkmap.h">
      <Filter>snmalloc files</Filter>
    </ClInclude>
    <ClInclude Include="snmalloc\src\mem\entropy.h">
      <Filter>snmalloc files</Filter>
    </ClInclude>
    <ClInclude Include="snmalloc\src\mem\external_alloc.h">
      <Filter>snmalloc files</Filter>
    </ClInclude>
    <ClInclude Include="snmalloc\src\mem\freelist.h">
      <Filter>snmalloc files</Filter>
    </ClInclude>
    <ClInclude Include="snmalloc\src\mem\globalalloc.h">
      <Filter>snmalloc files</Filter>
    </ClInclude>
    <ClInclude Include="snmalloc\src\mem\largealloc.h">
      <Filter>snmalloc files</Filter>
    </ClInclude>
    <ClInclude Include="snmalloc\src\mem\mediumslab.h">
      <Filter>snmalloc files</Filter>
    </ClInclude>
    <ClInclude Include="snmalloc\src\mem\metaslab.h">
      <Filter>snmalloc files</Filter>
    </ClInclude>
    <ClInclude Include="snmalloc\src\mem\pagemap.h">
      <Filter>snmalloc files</Filter>
    </ClInclude>
    <ClInclude Include="snmalloc\src\mem\pool.h">
      <Filter>snmalloc files</Filter>
    </ClInclude>
    <ClInclude Include="snmalloc\src\mem\pooled.h">
      <Filter>snmalloc files</Filter>
    </ClInclude>
    <ClInclude Include="snmalloc\src\mem\ptrhelpers.h">
      <Filter>snmalloc files</Filter>
    </ClInclude>
    <ClInclude Include="snmalloc\src\mem\remoteallocator.h">
      <Filter>snmalloc files</Filter>
    </ClInclude>
    <ClInclude Include="snmalloc\src\mem\sizeclass.h">
      <Filter>snmalloc files</Filter>
    </ClInclude>
    <ClInclude Include="snmalloc\src\mem\sizeclasstable.h">
      <Filter>snmalloc files</Filter>
    </ClInclude>
    <ClInclude Include="snmalloc\src\mem\slab.h">
      <Filter>snmalloc files</Filter>
    </ClInclude>
    <ClInclude Include="snmalloc\src\mem\slowalloc.h">
      <Filter>snmalloc files</Filter>
    </ClInclude>
    <ClInclude Include="snmalloc\src\mem\superslab.h">
      <Filter>snmalloc files</Filter>
    </ClInclude>
    <ClInclude Include="snmalloc\src\mem\threadalloc.h">
      <Filter>snmalloc files</Filter>
    </ClInclude>
    <ClInclude Include="snmalloc\src\override\malloc-extensions.h">
      <Filter>snmalloc files</Filter>
    </ClInclude>
    <ClInclude Include="snmalloc\src\pal\pal.h">
      <Filter>snmalloc files</Filter>
    </ClInclude>
    <ClInclude Include="snmalloc\src\pal\pal_apple.h">
      <Filter>snmalloc files</Filter>
    </ClInclude>
    <ClInclude Include="snmalloc\src\pal\pal_bsd.h">
      <Filter>snmalloc files</Filter>
    </ClInclude>
    <ClInclude Include="snmalloc\src\pal\pal_bsd_aligned.h">
      <Filter>snmalloc files</Filter>
    </ClInclude>
    <ClInclude Include="snmalloc\src\pal\pal_concept.h">
      <Filter>snmalloc files</Filter>
    </ClInclude>
    <ClInclude Include="snmalloc\src\pal\pal_consts.h">
      <Filter>snmalloc files</Filter>
    </ClInclude>
    <ClInclude Include="snmalloc\src\pal\pal_dragonfly.h">
      <Filter>snmalloc files</Filter>
    </ClInclude>
    <ClInclude Include="snmalloc\src\pal\pal_freebsd.h">
      <Filter>snmalloc files</Filter>
    </ClInclude>
    <ClInclude Include="snmalloc\src\pal\pal_freebsd_kernel.h">
      <Filter>snmalloc files</Filter>
    </ClInclude>
    <ClInclude Include="snmalloc\src\pal\pal_haiku.h">
      <Filter>snmalloc files</Filter>
    </ClInclude>
    <ClInclude Include="snmalloc\src\pal\pal_linux.h">
      <Filter>snmalloc files</Filter>
    </ClInclude>
    <ClInclude Include="snmalloc\src\pal\pal_netbsd.h">
      <Filter>snmalloc files</Filter>
    </ClInclude>
    <ClInclude Include="snmalloc\src\pal\pal_noalloc.h">
      <Filter>snmalloc files</Filter>
    </ClInclude>
    <ClInclude Include="snmalloc\src\pal\pal_openbsd.h">
      <Filter>snmalloc files</Filter>
    </ClInclude>
    <ClInclude Include="snmalloc\src\pal\pal_open_enclave.h">
      <Filter>snmalloc files</Filter>
    </ClInclude>
    <ClInclude Include="snmalloc\src\pal\pal_plain.h">
      <Filter>snmalloc files</Filter>
    </ClInclude>
    <ClInclude Include="snmalloc\src\pal\pal_posix.h">
      <Filter>snmalloc files</Filter>
    </ClInclude>
    <ClInclude Include="snmalloc\src\pal\pal_solaris.h">
      <Filter>snmalloc files</Filter>
    </ClInclude>
    <ClInclude Include="snmalloc\src\pal\pal_windows.h">
      <Filter>snmalloc files</Filter>
    </ClInclude>
    <ClInclude Include="snmalloc\src\snmalloc.h">
      <Filter>snmalloc files</Filter>
    </ClInclude>
    <ClInclude Include="SnmallocWrapper.h">
      <Filter>Source Files</Filter>
    </ClInclude>
  </ItemGroup>
</Project>